
Microsoft Visual Studio Solution File, Format Version 12.00
# Visual Studio Version 17
VisualStudioVersion = 17.10.35013.160
MinimumVisualStudioVersion = 10.0.40219.1
Project("{FAE04EC0-301F-11D3-BF4B-00C04F79EFBC}") = "Tasks", "Tasks.csproj", "{1F94AD85-4B87-4352-BC91-6B58CB66B7AA}"
EndProject
Global
	GlobalSection(SolutionConfigurationPlatforms) = preSolution
		Debug|Any CPU = Debug|Any CPU
		Release|Any CPU = Release|Any CPU
	EndGlobalSection
	GlobalSection(ProjectConfigurationPlatforms) = postSolution
		{1F94AD85-4B87-4352-BC91-6B58CB66B7AA}.Debug|Any CPU.ActiveCfg = Debug|Any CPU
		{1F94AD85-4B87-4352-BC91-6B58CB66B7AA}.Debug|Any CPU.Build.0 = Debug|Any CPU
		{1F94AD85-4B87-4352-BC91-6B58CB66B7AA}.Release|Any CPU.ActiveCfg = Release|Any CPU
		{1F94AD85-4B87-4352-BC91-6B58CB66B7AA}.Release|Any CPU.Build.0 = Release|Any CPU
	EndGlobalSection
	GlobalSection(SolutionProperties) = preSolution
		HideSolutionNode = FALSE
	EndGlobalSection
	GlobalSection(ExtensibilityGlobals) = postSolution
		SolutionGuid = {D98B9386-81D9-4960-8FF2-7AC2E7471FE3}
	EndGlobalSection
EndGlobal
